// !$*UTF8*$!
{
	archiveVersion = 1;
	classes = {
	};
	objectVersion = 50;
	objects = {

/* Begin PBXBuildFile section */
		6E2F3DCD218E46D900B092A2 /* AppDelegate.swift in Sources */ = {isa = PBXBuildFile; fileRef = 6E2F3DCC218E46D900B092A2 /* AppDelegate.swift */; };
		6E2F3DCF218E46D900B092A2 /* ViewController.swift in Sources */ = {isa = PBXBuildFile; fileRef = 6E2F3DCE218E46D900B092A2 /* ViewController.swift */; };
		6E2F3DD2218E46D900B092A2 /* Main.storyboard in Resources */ = {isa = PBXBuildFile; fileRef = 6E2F3DD0218E46D900B092A2 /* Main.storyboard */; };
		6E2F3DD4218E46DA00B092A2 /* Assets.xcassets in Resources */ = {isa = PBXBuildFile; fileRef = 6E2F3DD3218E46DA00B092A2 /* Assets.xcassets */; };
		6E2F3DD7218E46DA00B092A2 /* LaunchScreen.storyboard in Resources */ = {isa = PBXBuildFile; fileRef = 6E2F3DD5218E46DA00B092A2 /* LaunchScreen.storyboard */; };
		6E2F3DFD218E5A1500B092A2 /* TeamBuilderViewController.swift in Sources */ = {isa = PBXBuildFile; fileRef = 6E2F3DFC218E5A1500B092A2 /* TeamBuilderViewController.swift */; };
		6E2F3E39218E5A3D00B092A2 /* GameplayViewController.swift in Sources */ = {isa = PBXBuildFile; fileRef = 6E2F3E38218E5A3D00B092A2 /* GameplayViewController.swift */; };
		6E2F3E3F218E5A9700B092A2 /* GameplayBasics.swift in Sources */ = {isa = PBXBuildFile; fileRef = 6E2F3E3E218E5A9700B092A2 /* GameplayBasics.swift */; };
		6E2F3E43218E677F00B092A2 /* Network.swift in Sources */ = {isa = PBXBuildFile; fileRef = 6E2F3E42218E677F00B092A2 /* Network.swift */; };
		6E827422218ED4AF00A26FB9 /* Alamofire.framework in Frameworks */ = {isa = PBXBuildFile; fileRef = 6E827415218ECF3100A26FB9 /* Alamofire.framework */; };
		6E827423218ED4AF00A26FB9 /* Alamofire.framework in Embed Frameworks */ = {isa = PBXBuildFile; fileRef = 6E827415218ECF3100A26FB9 /* Alamofire.framework */; settings = {ATTRIBUTES = (CodeSignOnCopy, RemoveHeadersOnCopy, ); }; };
		F23DBEEC218EA61B004E2D80 /* water_icon.svg in Resources */ = {isa = PBXBuildFile; fileRef = F23DBEE7218EA61B004E2D80 /* water_icon.svg */; };
		F23DBEED218EA61B004E2D80 /* earth_icon.svg in Resources */ = {isa = PBXBuildFile; fileRef = F23DBEE8218EA61B004E2D80 /* earth_icon.svg */; };
		F23DBEEE218EA61B004E2D80 /* air_icon.svg in Resources */ = {isa = PBXBuildFile; fileRef = F23DBEE9218EA61B004E2D80 /* air_icon.svg */; };
		F23DBEEF218EA61B004E2D80 /* fire_icon.svg in Resources */ = {isa = PBXBuildFile; fileRef = F23DBEEA218EA61B004E2D80 /* fire_icon.svg */; };
		F23DBEF0218EA61B004E2D80 /* electricity_icon.svg in Resources */ = {isa = PBXBuildFile; fileRef = F23DBEEB218EA61B004E2D80 /* electricity_icon.svg */; };
/* End PBXBuildFile section */

/* Begin PBXContainerItemProxy section */
		6E2F3DDE218E46DA00B092A2 /* PBXContainerItemProxy */ = {
			isa = PBXContainerItemProxy;
			containerPortal = 6E2F3DC1218E46D900B092A2 /* Project object */;
			proxyType = 1;
			remoteGlobalIDString = 6E2F3DC8218E46D900B092A2;
			remoteInfo = MagicHacks;
		};
		6E2F3DE9218E46DA00B092A2 /* PBXContainerItemProxy */ = {
			isa = PBXContainerItemProxy;
			containerPortal = 6E2F3DC1218E46D900B092A2 /* Project object */;
			proxyType = 1;
			remoteGlobalIDString = 6E2F3DC8218E46D900B092A2;
			remoteInfo = MagicHacks;
		};
		6E827414218ECF3100A26FB9 /* PBXContainerItemProxy */ = {
			isa = PBXContainerItemProxy;
			containerPortal = 6E827409218ECF3100A26FB9 /* Alamofire.xcodeproj */;
			proxyType = 2;
			remoteGlobalIDString = F8111E3319A95C8B0040E7D1;
			remoteInfo = "Alamofire iOS";
		};
		6E827416218ECF3100A26FB9 /* PBXContainerItemProxy */ = {
			isa = PBXContainerItemProxy;
			containerPortal = 6E827409218ECF3100A26FB9 /* Alamofire.xcodeproj */;
			proxyType = 2;
			remoteGlobalIDString = F8111E3E19A95C8B0040E7D1;
			remoteInfo = "Alamofire iOS Tests";
		};
		6E827418218ECF3100A26FB9 /* PBXContainerItemProxy */ = {
			isa = PBXContainerItemProxy;
			containerPortal = 6E827409218ECF3100A26FB9 /* Alamofire.xcodeproj */;
			proxyType = 2;
			remoteGlobalIDString = 4DD67C0B1A5C55C900ED2280;
			remoteInfo = "Alamofire macOS";
		};
		6E82741A218ECF3100A26FB9 /* PBXContainerItemProxy */ = {
			isa = PBXContainerItemProxy;
			containerPortal = 6E827409218ECF3100A26FB9 /* Alamofire.xcodeproj */;
			proxyType = 2;
			remoteGlobalIDString = F829C6B21A7A94F100A2CD59;
			remoteInfo = "Alamofire macOS Tests";
		};
		6E82741C218ECF3100A26FB9 /* PBXContainerItemProxy */ = {
			isa = PBXContainerItemProxy;
			containerPortal = 6E827409218ECF3100A26FB9 /* Alamofire.xcodeproj */;
			proxyType = 2;
			remoteGlobalIDString = 4CF626EF1BA7CB3E0011A099;
			remoteInfo = "Alamofire tvOS";
		};
		6E82741E218ECF3100A26FB9 /* PBXContainerItemProxy */ = {
			isa = PBXContainerItemProxy;
			containerPortal = 6E827409218ECF3100A26FB9 /* Alamofire.xcodeproj */;
			proxyType = 2;
			remoteGlobalIDString = 4CF626F81BA7CB3E0011A099;
			remoteInfo = "Alamofire tvOS Tests";
		};
		6E827420218ECF3100A26FB9 /* PBXContainerItemProxy */ = {
			isa = PBXContainerItemProxy;
			containerPortal = 6E827409218ECF3100A26FB9 /* Alamofire.xcodeproj */;
			proxyType = 2;
			remoteGlobalIDString = E4202FE01B667AA100C997FB;
			remoteInfo = "Alamofire watchOS";
		};
		6E827424218ED4AF00A26FB9 /* PBXContainerItemProxy */ = {
			isa = PBXContainerItemProxy;
			containerPortal = 6E827409218ECF3100A26FB9 /* Alamofire.xcodeproj */;
			proxyType = 1;
			remoteGlobalIDString = F8111E3219A95C8B0040E7D1;
			remoteInfo = "Alamofire iOS";
		};
/* End PBXContainerItemProxy section */

/* Begin PBXCopyFilesBuildPhase section */
		6E827426218ED4AF00A26FB9 /* Embed Frameworks */ = {
			isa = PBXCopyFilesBuildPhase;
			buildActionMask = 2147483647;
			dstPath = "";
			dstSubfolderSpec = 10;
			files = (
				6E827423218ED4AF00A26FB9 /* Alamofire.framework in Embed Frameworks */,
			);
			name = "Embed Frameworks";
			runOnlyForDeploymentPostprocessing = 0;
		};
/* End PBXCopyFilesBuildPhase section */

/* Begin PBXFileReference section */
		6E2F3DC9218E46D900B092A2 /* MagicHacks.app */ = {isa = PBXFileReference; explicitFileType = wrapper.application; includeInIndex = 0; path = MagicHacks.app; sourceTree = BUILT_PRODUCTS_DIR; };
		6E2F3DCC218E46D900B092A2 /* AppDelegate.swift */ = {isa = PBXFileReference; lastKnownFileType = sourcecode.swift; path = AppDelegate.swift; sourceTree = "<group>"; };
		6E2F3DCE218E46D900B092A2 /* ViewController.swift */ = {isa = PBXFileReference; lastKnownFileType = sourcecode.swift; path = ViewController.swift; sourceTree = "<group>"; };
		6E2F3DD1218E46D900B092A2 /* Base */ = {isa = PBXFileReference; lastKnownFileType = file.storyboard; name = Base; path = Base.lproj/Main.storyboard; sourceTree = "<group>"; };
		6E2F3DD3218E46DA00B092A2 /* Assets.xcassets */ = {isa = PBXFileReference; lastKnownFileType = folder.assetcatalog; path = Assets.xcassets; sourceTree = "<group>"; };
		6E2F3DD6218E46DA00B092A2 /* Base */ = {isa = PBXFileReference; lastKnownFileType = file.storyboard; name = Base; path = Base.lproj/LaunchScreen.storyboard; sourceTree = "<group>"; };
		6E2F3DD8218E46DA00B092A2 /* Info.plist */ = {isa = PBXFileReference; lastKnownFileType = text.plist.xml; path = Info.plist; sourceTree = "<group>"; };
		6E2F3DDD218E46DA00B092A2 /* MagicHacksTests.xctest */ = {isa = PBXFileReference; explicitFileType = wrapper.cfbundle; includeInIndex = 0; path = MagicHacksTests.xctest; sourceTree = BUILT_PRODUCTS_DIR; };
		6E2F3DE8218E46DA00B092A2 /* MagicHacksUITests.xctest */ = {isa = PBXFileReference; explicitFileType = wrapper.cfbundle; includeInIndex = 0; path = MagicHacksUITests.xctest; sourceTree = BUILT_PRODUCTS_DIR; };
		6E2F3DFC218E5A1500B092A2 /* TeamBuilderViewController.swift */ = {isa = PBXFileReference; lastKnownFileType = sourcecode.swift; path = TeamBuilderViewController.swift; sourceTree = "<group>"; };
		6E2F3E38218E5A3D00B092A2 /* GameplayViewController.swift */ = {isa = PBXFileReference; lastKnownFileType = sourcecode.swift; path = GameplayViewController.swift; sourceTree = "<group>"; };
		6E2F3E3E218E5A9700B092A2 /* GameplayBasics.swift */ = {isa = PBXFileReference; lastKnownFileType = sourcecode.swift; path = GameplayBasics.swift; sourceTree = "<group>"; };
		6E2F3E42218E677F00B092A2 /* Network.swift */ = {isa = PBXFileReference; lastKnownFileType = sourcecode.swift; path = Network.swift; sourceTree = "<group>"; };
		6E827409218ECF3100A26FB9 /* Alamofire.xcodeproj */ = {isa = PBXFileReference; lastKnownFileType = "wrapper.pb-project"; name = Alamofire.xcodeproj; path = Alamofire/Alamofire.xcodeproj; sourceTree = SOURCE_ROOT; };
		F23DBEE7218EA61B004E2D80 /* water_icon.svg */ = {isa = PBXFileReference; fileEncoding = 4; lastKnownFileType = text; name = water_icon.svg; path = "../../../art assets/icons/water_icon.svg"; sourceTree = "<group>"; };
		F23DBEE8218EA61B004E2D80 /* earth_icon.svg */ = {isa = PBXFileReference; fileEncoding = 4; lastKnownFileType = text; name = earth_icon.svg; path = "../../../art assets/icons/earth_icon.svg"; sourceTree = "<group>"; };
		F23DBEE9218EA61B004E2D80 /* air_icon.svg */ = {isa = PBXFileReference; fileEncoding = 4; lastKnownFileType = text; name = air_icon.svg; path = "../../../art assets/icons/air_icon.svg"; sourceTree = "<group>"; };
		F23DBEEA218EA61B004E2D80 /* fire_icon.svg */ = {isa = PBXFileReference; fileEncoding = 4; lastKnownFileType = text; name = fire_icon.svg; path = "../../../art assets/icons/fire_icon.svg"; sourceTree = "<group>"; };
		F23DBEEB218EA61B004E2D80 /* electricity_icon.svg */ = {isa = PBXFileReference; fileEncoding = 4; lastKnownFileType = text; name = electricity_icon.svg; path = "../../../art assets/icons/electricity_icon.svg"; sourceTree = "<group>"; };
/* End PBXFileReference section */

/* Begin PBXFrameworksBuildPhase section */
		6E2F3DC6218E46D900B092A2 /* Frameworks */ = {
			isa = PBXFrameworksBuildPhase;
			buildActionMask = 2147483647;
			files = (
				6E827422218ED4AF00A26FB9 /* Alamofire.framework in Frameworks */,
			);
			runOnlyForDeploymentPostprocessing = 0;
		};
		6E2F3DDA218E46DA00B092A2 /* Frameworks */ = {
			isa = PBXFrameworksBuildPhase;
			buildActionMask = 2147483647;
			files = (
			);
			runOnlyForDeploymentPostprocessing = 0;
		};
		6E2F3DE5218E46DA00B092A2 /* Frameworks */ = {
			isa = PBXFrameworksBuildPhase;
			buildActionMask = 2147483647;
			files = (
			);
			runOnlyForDeploymentPostprocessing = 0;
		};
/* End PBXFrameworksBuildPhase section */

/* Begin PBXGroup section */
		6E2F3DC0218E46D900B092A2 = {
			isa = PBXGroup;
			children = (
				6E2F3DCB218E46D900B092A2 /* MagicHacks */,
				6E2F3DCA218E46D900B092A2 /* Products */,
			);
			sourceTree = "<group>";
		};
		6E2F3DCA218E46D900B092A2 /* Products */ = {
			isa = PBXGroup;
			children = (
				6E2F3DC9218E46D900B092A2 /* MagicHacks.app */,
				6E2F3DDD218E46DA00B092A2 /* MagicHacksTests.xctest */,
				6E2F3DE8218E46DA00B092A2 /* MagicHacksUITests.xctest */,
			);
			name = Products;
			sourceTree = "<group>";
		};
		6E2F3DCB218E46D900B092A2 /* MagicHacks */ = {
			isa = PBXGroup;
			children = (
				F23DBEE6218EA612004E2D80 /* art assets */,
				F2323A02218E760800707A19 /* Model */,
				F2323A01218E75ED00707A19 /* View */,
				F23239FF218E75A600707A19 /* Controller */,
				6E2F3DCC218E46D900B092A2 /* AppDelegate.swift */,
				6E2F3DD3218E46DA00B092A2 /* Assets.xcassets */,
				F2323A03218E761D00707A19 /* Supporting Files */,
			);
			path = MagicHacks;
			sourceTree = "<group>";
		};
		6E82740A218ECF3100A26FB9 /* Products */ = {
			isa = PBXGroup;
			children = (
				6E827415218ECF3100A26FB9 /* Alamofire.framework */,
				6E827417218ECF3100A26FB9 /* Alamofire iOS Tests.xctest */,
				6E827419218ECF3100A26FB9 /* Alamofire.framework */,
				6E82741B218ECF3100A26FB9 /* Alamofire macOS Tests.xctest */,
				6E82741D218ECF3100A26FB9 /* Alamofire.framework */,
				6E82741F218ECF3100A26FB9 /* Alamofire tvOS Tests.xctest */,
				6E827421218ECF3100A26FB9 /* Alamofire.framework */,
			);
			name = Products;
			sourceTree = "<group>";
		};
		F23239FF218E75A600707A19 /* Controller */ = {
			isa = PBXGroup;
			children = (
				6E2F3DCE218E46D900B092A2 /* ViewController.swift */,
				6E2F3DFC218E5A1500B092A2 /* TeamBuilderViewController.swift */,
				6E2F3E38218E5A3D00B092A2 /* GameplayViewController.swift */,
			);
			path = Controller;
			sourceTree = "<group>";
		};
		F2323A01218E75ED00707A19 /* View */ = {
			isa = PBXGroup;
			children = (
				6E2F3DD0218E46D900B092A2 /* Main.storyboard */,
			);
			path = View;
			sourceTree = "<group>";
		};
		F2323A02218E760800707A19 /* Model */ = {
			isa = PBXGroup;
			children = (
				6E2F3E42218E677F00B092A2 /* Network.swift */,
				6E2F3E3E218E5A9700B092A2 /* GameplayBasics.swift */,
			);
			path = Model;
			sourceTree = "<group>";
		};
		F2323A03218E761D00707A19 /* Supporting Files */ = {
			isa = PBXGroup;
			children = (
				6E2F3DD8218E46DA00B092A2 /* Info.plist */,
				6E2F3DD5218E46DA00B092A2 /* LaunchScreen.storyboard */,
				6E827409218ECF3100A26FB9 /* Alamofire.xcodeproj */,
			);
			path = "Supporting Files";
			sourceTree = "<group>";
		};
		F23DBEE6218EA612004E2D80 /* art assets */ = {
			isa = PBXGroup;
			children = (
				F23DBEE9218EA61B004E2D80 /* air_icon.svg */,
				F23DBEE8218EA61B004E2D80 /* earth_icon.svg */,
				F23DBEEB218EA61B004E2D80 /* electricity_icon.svg */,
				F23DBEEA218EA61B004E2D80 /* fire_icon.svg */,
				F23DBEE7218EA61B004E2D80 /* water_icon.svg */,
			);
			path = "art assets";
			sourceTree = "<group>";
		};
/* End PBXGroup section */

/* Begin PBXNativeTarget section */
		6E2F3DC8218E46D900B092A2 /* MagicHacks */ = {
			isa = PBXNativeTarget;
			buildConfigurationList = 6E2F3DF1218E46DA00B092A2 /* Build configuration list for PBXNativeTarget "MagicHacks" */;
			buildPhases = (
				6E2F3DC5218E46D900B092A2 /* Sources */,
				6E2F3DC6218E46D900B092A2 /* Frameworks */,
				6E2F3DC7218E46D900B092A2 /* Resources */,
				6E827426218ED4AF00A26FB9 /* Embed Frameworks */,
			);
			buildRules = (
			);
			dependencies = (
				6E827425218ED4AF00A26FB9 /* PBXTargetDependency */,
			);
			name = MagicHacks;
			productName = MagicHacks;
			productReference = 6E2F3DC9218E46D900B092A2 /* MagicHacks.app */;
			productType = "com.apple.product-type.application";
		};
		6E2F3DDC218E46DA00B092A2 /* MagicHacksTests */ = {
			isa = PBXNativeTarget;
			buildConfigurationList = 6E2F3DF4218E46DA00B092A2 /* Build configuration list for PBXNativeTarget "MagicHacksTests" */;
			buildPhases = (
				6E2F3DD9218E46DA00B092A2 /* Sources */,
				6E2F3DDA218E46DA00B092A2 /* Frameworks */,
				6E2F3DDB218E46DA00B092A2 /* Resources */,
			);
			buildRules = (
			);
			dependencies = (
				6E2F3DDF218E46DA00B092A2 /* PBXTargetDependency */,
			);
			name = MagicHacksTests;
			productName = MagicHacksTests;
			productReference = 6E2F3DDD218E46DA00B092A2 /* MagicHacksTests.xctest */;
			productType = "com.apple.product-type.bundle.unit-test";
		};
		6E2F3DE7218E46DA00B092A2 /* MagicHacksUITests */ = {
			isa = PBXNativeTarget;
			buildConfigurationList = 6E2F3DF7218E46DA00B092A2 /* Build configuration list for PBXNativeTarget "MagicHacksUITests" */;
			buildPhases = (
				6E2F3DE4218E46DA00B092A2 /* Sources */,
				6E2F3DE5218E46DA00B092A2 /* Frameworks */,
				6E2F3DE6218E46DA00B092A2 /* Resources */,
			);
			buildRules = (
			);
			dependencies = (
				6E2F3DEA218E46DA00B092A2 /* PBXTargetDependency */,
			);
			name = MagicHacksUITests;
			productName = MagicHacksUITests;
			productReference = 6E2F3DE8218E46DA00B092A2 /* MagicHacksUITests.xctest */;
			productType = "com.apple.product-type.bundle.ui-testing";
		};
/* End PBXNativeTarget section */

/* Begin PBXProject section */
		6E2F3DC1218E46D900B092A2 /* Project object */ = {
			isa = PBXProject;
			attributes = {
				LastSwiftUpdateCheck = 1010;
				LastUpgradeCheck = 1010;
				ORGANIZATIONNAME = "Marc Davis";
				TargetAttributes = {
					6E2F3DC8218E46D900B092A2 = {
						CreatedOnToolsVersion = 10.1;
					};
					6E2F3DDC218E46DA00B092A2 = {
						CreatedOnToolsVersion = 10.1;
						TestTargetID = 6E2F3DC8218E46D900B092A2;
					};
					6E2F3DE7218E46DA00B092A2 = {
						CreatedOnToolsVersion = 10.1;
						TestTargetID = 6E2F3DC8218E46D900B092A2;
					};
				};
			};
			buildConfigurationList = 6E2F3DC4218E46D900B092A2 /* Build configuration list for PBXProject "MagicHacks" */;
			compatibilityVersion = "Xcode 9.3";
			developmentRegion = en;
			hasScannedForEncodings = 0;
			knownRegions = (
				en,
				Base,
			);
			mainGroup = 6E2F3DC0218E46D900B092A2;
			productRefGroup = 6E2F3DCA218E46D900B092A2 /* Products */;
			projectDirPath = "";
			projectReferences = (
				{
					ProductGroup = 6E82740A218ECF3100A26FB9 /* Products */;
					ProjectRef = 6E827409218ECF3100A26FB9 /* Alamofire.xcodeproj */;
				},
			);
			projectRoot = "";
			targets = (
				6E2F3DC8218E46D900B092A2 /* MagicHacks */,
				6E2F3DDC218E46DA00B092A2 /* MagicHacksTests */,
				6E2F3DE7218E46DA00B092A2 /* MagicHacksUITests */,
			);
		};
/* End PBXProject section */

/* Begin PBXReferenceProxy section */
		6E827415218ECF3100A26FB9 /* Alamofire.framework */ = {
			isa = PBXReferenceProxy;
			fileType = wrapper.framework;
			path = Alamofire.framework;
			remoteRef = 6E827414218ECF3100A26FB9 /* PBXContainerItemProxy */;
			sourceTree = BUILT_PRODUCTS_DIR;
		};
		6E827417218ECF3100A26FB9 /* Alamofire iOS Tests.xctest */ = {
			isa = PBXReferenceProxy;
			fileType = wrapper.cfbundle;
			path = "Alamofire iOS Tests.xctest";
			remoteRef = 6E827416218ECF3100A26FB9 /* PBXContainerItemProxy */;
			sourceTree = BUILT_PRODUCTS_DIR;
		};
		6E827419218ECF3100A26FB9 /* Alamofire.framework */ = {
			isa = PBXReferenceProxy;
			fileType = wrapper.framework;
			path = Alamofire.framework;
			remoteRef = 6E827418218ECF3100A26FB9 /* PBXContainerItemProxy */;
			sourceTree = BUILT_PRODUCTS_DIR;
		};
		6E82741B218ECF3100A26FB9 /* Alamofire macOS Tests.xctest */ = {
			isa = PBXReferenceProxy;
			fileType = wrapper.cfbundle;
			path = "Alamofire macOS Tests.xctest";
			remoteRef = 6E82741A218ECF3100A26FB9 /* PBXContainerItemProxy */;
			sourceTree = BUILT_PRODUCTS_DIR;
		};
		6E82741D218ECF3100A26FB9 /* Alamofire.framework */ = {
			isa = PBXReferenceProxy;
			fileType = wrapper.framework;
			path = Alamofire.framework;
			remoteRef = 6E82741C218ECF3100A26FB9 /* PBXContainerItemProxy */;
			sourceTree = BUILT_PRODUCTS_DIR;
		};
		6E82741F218ECF3100A26FB9 /* Alamofire tvOS Tests.xctest */ = {
			isa = PBXReferenceProxy;
			fileType = wrapper.cfbundle;
			path = "Alamofire tvOS Tests.xctest";
			remoteRef = 6E82741E218ECF3100A26FB9 /* PBXContainerItemProxy */;
			sourceTree = BUILT_PRODUCTS_DIR;
		};
		6E827421218ECF3100A26FB9 /* Alamofire.framework */ = {
			isa = PBXReferenceProxy;
			fileType = wrapper.framework;
			path = Alamofire.framework;
			remoteRef = 6E827420218ECF3100A26FB9 /* PBXContainerItemProxy */;
			sourceTree = BUILT_PRODUCTS_DIR;
		};
/* End PBXReferenceProxy section */

/* Begin PBXResourcesBuildPhase section */
		6E2F3DC7218E46D900B092A2 /* Resources */ = {
			isa = PBXResourcesBuildPhase;
			buildActionMask = 2147483647;
			files = (
				6E2F3DD7218E46DA00B092A2 /* LaunchScreen.storyboard in Resources */,
				6E2F3DD4218E46DA00B092A2 /* Assets.xcassets in Resources */,
				F23DBEEE218EA61B004E2D80 /* air_icon.svg in Resources */,
				F23DBEF0218EA61B004E2D80 /* electricity_icon.svg in Resources */,
				F23DBEED218EA61B004E2D80 /* earth_icon.svg in Resources */,
				6E2F3DD2218E46D900B092A2 /* Main.storyboard in Resources */,
				F23DBEEF218EA61B004E2D80 /* fire_icon.svg in Resources */,
				F23DBEEC218EA61B004E2D80 /* water_icon.svg in Resources */,
			);
			runOnlyForDeploymentPostprocessing = 0;
		};
		6E2F3DDB218E46DA00B092A2 /* Resources */ = {
			isa = PBXResourcesBuildPhase;
			buildActionMask = 2147483647;
			files = (
			);
			runOnlyForDeploymentPostprocessing = 0;
		};
		6E2F3DE6218E46DA00B092A2 /* Resources */ = {
			isa = PBXResourcesBuildPhase;
			buildActionMask = 2147483647;
			files = (
			);
			runOnlyForDeploymentPostprocessing = 0;
		};
/* End PBXResourcesBuildPhase section */

/* Begin PBXSourcesBuildPhase section */
		6E2F3DC5218E46D900B092A2 /* Sources */ = {
			isa = PBXSourcesBuildPhase;
			buildActionMask = 2147483647;
			files = (
				6E2F3DCF218E46D900B092A2 /* ViewController.swift in Sources */,
				6E2F3DFD218E5A1500B092A2 /* TeamBuilderViewController.swift in Sources */,
				6E2F3E43218E677F00B092A2 /* Network.swift in Sources */,
				6E2F3E3F218E5A9700B092A2 /* GameplayBasics.swift in Sources */,
				6E2F3E39218E5A3D00B092A2 /* GameplayViewController.swift in Sources */,
				6E2F3DCD218E46D900B092A2 /* AppDelegate.swift in Sources */,
			);
			runOnlyForDeploymentPostprocessing = 0;
		};
		6E2F3DD9218E46DA00B092A2 /* Sources */ = {
			isa = PBXSourcesBuildPhase;
			buildActionMask = 2147483647;
			files = (
			);
			runOnlyForDeploymentPostprocessing = 0;
		};
		6E2F3DE4218E46DA00B092A2 /* Sources */ = {
			isa = PBXSourcesBuildPhase;
			buildActionMask = 2147483647;
			files = (
			);
			runOnlyForDeploymentPostprocessing = 0;
		};
/* End PBXSourcesBuildPhase section */

/* Begin PBXTargetDependency section */
		6E2F3DDF218E46DA00B092A2 /* PBXTargetDependency */ = {
			isa = PBXTargetDependency;
			target = 6E2F3DC8218E46D900B092A2 /* MagicHacks */;
			targetProxy = 6E2F3DDE218E46DA00B092A2 /* PBXContainerItemProxy */;
		};
		6E2F3DEA218E46DA00B092A2 /* PBXTargetDependency */ = {
			isa = PBXTargetDependency;
			target = 6E2F3DC8218E46D900B092A2 /* MagicHacks */;
			targetProxy = 6E2F3DE9218E46DA00B092A2 /* PBXContainerItemProxy */;
		};
		6E827425218ED4AF00A26FB9 /* PBXTargetDependency */ = {
			isa = PBXTargetDependency;
			name = "Alamofire iOS";
			targetProxy = 6E827424218ED4AF00A26FB9 /* PBXContainerItemProxy */;
		};
/* End PBXTargetDependency section */

/* Begin PBXVariantGroup section */
		6E2F3DD0218E46D900B092A2 /* Main.storyboard */ = {
			isa = PBXVariantGroup;
			children = (
				6E2F3DD1218E46D900B092A2 /* Base */,
			);
			name = Main.storyboard;
			sourceTree = "<group>";
		};
		6E2F3DD5218E46DA00B092A2 /* LaunchScreen.storyboard */ = {
			isa = PBXVariantGroup;
			children = (
				6E2F3DD6218E46DA00B092A2 /* Base */,
			);
			name = LaunchScreen.storyboard;
			sourceTree = "<group>";
		};
/* End PBXVariantGroup section */

/* Begin XCBuildConfiguration section */
		6E2F3DEF218E46DA00B092A2 /* Debug */ = {
			isa = XCBuildConfiguration;
			buildSettings = {
				ALWAYS_SEARCH_USER_PATHS = NO;
				CLANG_ANALYZER_NONNULL = YES;
				CLANG_ANALYZER_NUMBER_OBJECT_CONVERSION = YES_AGGRESSIVE;
				CLANG_CXX_LANGUAGE_STANDARD = "gnu++14";
				CLANG_CXX_LIBRARY = "libc++";
				CLANG_ENABLE_MODULES = YES;
				CLANG_ENABLE_OBJC_ARC = YES;
				CLANG_ENABLE_OBJC_WEAK = YES;
				CLANG_WARN_BLOCK_CAPTURE_AUTORELEASING = YES;
				CLANG_WARN_BOOL_CONVERSION = YES;
				CLANG_WARN_COMMA = YES;
				CLANG_WARN_CONSTANT_CONVERSION = YES;
				CLANG_WARN_DEPRECATED_OBJC_IMPLEMENTATIONS = YES;
				CLANG_WARN_DIRECT_OBJC_ISA_USAGE = YES_ERROR;
				CLANG_WARN_DOCUMENTATION_COMMENTS = YES;
				CLANG_WARN_EMPTY_BODY = YES;
				CLANG_WARN_ENUM_CONVERSION = YES;
				CLANG_WARN_INFINITE_RECURSION = YES;
				CLANG_WARN_INT_CONVERSION = YES;
				CLANG_WARN_NON_LITERAL_NULL_CONVERSION = YES;
				CLANG_WARN_OBJC_IMPLICIT_RETAIN_SELF = YES;
				CLANG_WARN_OBJC_LITERAL_CONVERSION = YES;
				CLANG_WARN_OBJC_ROOT_CLASS = YES_ERROR;
				CLANG_WARN_RANGE_LOOP_ANALYSIS = YES;
				CLANG_WARN_STRICT_PROTOTYPES = YES;
				CLANG_WARN_SUSPICIOUS_MOVE = YES;
				CLANG_WARN_UNGUARDED_AVAILABILITY = YES_AGGRESSIVE;
				CLANG_WARN_UNREACHABLE_CODE = YES;
				CLANG_WARN__DUPLICATE_METHOD_MATCH = YES;
				CODE_SIGN_IDENTITY = "iPhone Developer";
				COPY_PHASE_STRIP = NO;
				DEBUG_INFORMATION_FORMAT = dwarf;
				ENABLE_STRICT_OBJC_MSGSEND = YES;
				ENABLE_TESTABILITY = YES;
				GCC_C_LANGUAGE_STANDARD = gnu11;
				GCC_DYNAMIC_NO_PIC = NO;
				GCC_NO_COMMON_BLOCKS = YES;
				GCC_OPTIMIZATION_LEVEL = 0;
				GCC_PREPROCESSOR_DEFINITIONS = (
					"DEBUG=1",
					"$(inherited)",
				);
				GCC_WARN_64_TO_32_BIT_CONVERSION = YES;
				GCC_WARN_ABOUT_RETURN_TYPE = YES_ERROR;
				GCC_WARN_UNDECLARED_SELECTOR = YES;
				GCC_WARN_UNINITIALIZED_AUTOS = YES_AGGRESSIVE;
				GCC_WARN_UNUSED_FUNCTION = YES;
				GCC_WARN_UNUSED_VARIABLE = YES;
				IPHONEOS_DEPLOYMENT_TARGET = 12.1;
				MTL_ENABLE_DEBUG_INFO = INCLUDE_SOURCE;
				MTL_FAST_MATH = YES;
				ONLY_ACTIVE_ARCH = YES;
				SDKROOT = iphoneos;
				SWIFT_ACTIVE_COMPILATION_CONDITIONS = DEBUG;
				SWIFT_OPTIMIZATION_LEVEL = "-Onone";
			};
			name = Debug;
		};
		6E2F3DF0218E46DA00B092A2 /* Release */ = {
			isa = XCBuildConfiguration;
			buildSettings = {
				ALWAYS_SEARCH_USER_PATHS = NO;
				CLANG_ANALYZER_NONNULL = YES;
				CLANG_ANALYZER_NUMBER_OBJECT_CONVERSION = YES_AGGRESSIVE;
				CLANG_CXX_LANGUAGE_STANDARD = "gnu++14";
				CLANG_CXX_LIBRARY = "libc++";
				CLANG_ENABLE_MODULES = YES;
				CLANG_ENABLE_OBJC_ARC = YES;
				CLANG_ENABLE_OBJC_WEAK = YES;
				CLANG_WARN_BLOCK_CAPTURE_AUTORELEASING = YES;
				CLANG_WARN_BOOL_CONVERSION = YES;
				CLANG_WARN_COMMA = YES;
				CLANG_WARN_CONSTANT_CONVERSION = YES;
				CLANG_WARN_DEPRECATED_OBJC_IMPLEMENTATIONS = YES;
				CLANG_WARN_DIRECT_OBJC_ISA_USAGE = YES_ERROR;
				CLANG_WARN_DOCUMENTATION_COMMENTS = YES;
				CLANG_WARN_EMPTY_BODY = YES;
				CLANG_WARN_ENUM_CONVERSION = YES;
				CLANG_WARN_INFINITE_RECURSION = YES;
				CLANG_WARN_INT_CONVERSION = YES;
				CLANG_WARN_NON_LITERAL_NULL_CONVERSION = YES;
				CLANG_WARN_OBJC_IMPLICIT_RETAIN_SELF = YES;
				CLANG_WARN_OBJC_LITERAL_CONVERSION = YES;
				CLANG_WARN_OBJC_ROOT_CLASS = YES_ERROR;
				CLANG_WARN_RANGE_LOOP_ANALYSIS = YES;
				CLANG_WARN_STRICT_PROTOTYPES = YES;
				CLANG_WARN_SUSPICIOUS_MOVE = YES;
				CLANG_WARN_UNGUARDED_AVAILABILITY = YES_AGGRESSIVE;
				CLANG_WARN_UNREACHABLE_CODE = YES;
				CLANG_WARN__DUPLICATE_METHOD_MATCH = YES;
				CODE_SIGN_IDENTITY = "iPhone Developer";
				COPY_PHASE_STRIP = NO;
				DEBUG_INFORMATION_FORMAT = "dwarf-with-dsym";
				ENABLE_NS_ASSERTIONS = NO;
				ENABLE_STRICT_OBJC_MSGSEND = YES;
				GCC_C_LANGUAGE_STANDARD = gnu11;
				GCC_NO_COMMON_BLOCKS = YES;
				GCC_WARN_64_TO_32_BIT_CONVERSION = YES;
				GCC_WARN_ABOUT_RETURN_TYPE = YES_ERROR;
				GCC_WARN_UNDECLARED_SELECTOR = YES;
				GCC_WARN_UNINITIALIZED_AUTOS = YES_AGGRESSIVE;
				GCC_WARN_UNUSED_FUNCTION = YES;
				GCC_WARN_UNUSED_VARIABLE = YES;
				IPHONEOS_DEPLOYMENT_TARGET = 12.1;
				MTL_ENABLE_DEBUG_INFO = NO;
				MTL_FAST_MATH = YES;
				SDKROOT = iphoneos;
				SWIFT_COMPILATION_MODE = wholemodule;
				SWIFT_OPTIMIZATION_LEVEL = "-O";
				VALIDATE_PRODUCT = YES;
			};
			name = Release;
		};
		6E2F3DF2218E46DA00B092A2 /* Debug */ = {
			isa = XCBuildConfiguration;
			buildSettings = {
				ALWAYS_EMBED_SWIFT_STANDARD_LIBRARIES = YES;
				ASSETCATALOG_COMPILER_APPICON_NAME = AppIcon;
				CODE_SIGN_STYLE = Automatic;
				DEVELOPMENT_TEAM = 228X6FPGAD;
				INFOPLIST_FILE = "$(SRCROOT)/MagicHacks/Supporting Files/Info.plist";
				LD_RUNPATH_SEARCH_PATHS = (
					"$(inherited)",
					"@executable_path/Frameworks",
				);
				PRODUCT_BUNDLE_IDENTIFIER = marcdavis.MagicHacks;
				PRODUCT_NAME = "$(TARGET_NAME)";
				SWIFT_VERSION = 4.2;
				TARGETED_DEVICE_FAMILY = "1,2";
			};
			name = Debug;
		};
		6E2F3DF3218E46DA00B092A2 /* Release */ = {
			isa = XCBuildConfiguration;
			buildSettings = {
				ALWAYS_EMBED_SWIFT_STANDARD_LIBRARIES = YES;
				ASSETCATALOG_COMPILER_APPICON_NAME = AppIcon;
				CODE_SIGN_STYLE = Automatic;
				DEVELOPMENT_TEAM = 228X6FPGAD;
				INFOPLIST_FILE = "$(SRCROOT)/MagicHacks/Supporting Files/Info.plist";
				LD_RUNPATH_SEARCH_PATHS = (
					"$(inherited)",
					"@executable_path/Frameworks",
				);
				PRODUCT_BUNDLE_IDENTIFIER = marcdavis.MagicHacks;
				PRODUCT_NAME = "$(TARGET_NAME)";
				SWIFT_VERSION = 4.2;
				TARGETED_DEVICE_FAMILY = "1,2";
			};
			name = Release;
		};
		6E2F3DF5218E46DA00B092A2 /* Debug */ = {
			isa = XCBuildConfiguration;
			buildSettings = {
				ALWAYS_EMBED_SWIFT_STANDARD_LIBRARIES = YES;
				BUNDLE_LOADER = "$(TEST_HOST)";
				CODE_SIGN_STYLE = Automatic;
				DEVELOPMENT_TEAM = 228X6FPGAD;
				INFOPLIST_FILE = MagicHacksTests/Info.plist;
				LD_RUNPATH_SEARCH_PATHS = (
					"$(inherited)",
					"@executable_path/Frameworks",
					"@loader_path/Frameworks",
				);
				PRODUCT_BUNDLE_IDENTIFIER = marcdavis.MagicHacksTests;
				PRODUCT_NAME = "$(TARGET_NAME)";
				SWIFT_VERSION = 4.2;
				TARGETED_DEVICE_FAMILY = "1,2";
				TEST_HOST = "$(BUILT_PRODUCTS_DIR)/MagicHacks.app/MagicHacks";
			};
			name = Debug;
		};
		6E2F3DF6218E46DA00B092A2 /* Release */ = {
			isa = XCBuildConfiguration;
			buildSettings = {
				ALWAYS_EMBED_SWIFT_STANDARD_LIBRARIES = YES;
				BUNDLE_LOADER = "$(TEST_HOST)";
				CODE_SIGN_STYLE = Automatic;
				DEVELOPMENT_TEAM = 228X6FPGAD;
				INFOPLIST_FILE = MagicHacksTests/Info.plist;
				LD_RUNPATH_SEARCH_PATHS = (
					"$(inherited)",
					"@executable_path/Frameworks",
					"@loader_path/Frameworks",
				);
				PRODUCT_BUNDLE_IDENTIFIER = marcdavis.MagicHacksTests;
				PRODUCT_NAME = "$(TARGET_NAME)";
				SWIFT_VERSION = 4.2;
				TARGETED_DEVICE_FAMILY = "1,2";
				TEST_HOST = "$(BUILT_PRODUCTS_DIR)/MagicHacks.app/MagicHacks";
			};
			name = Release;
		};
		6E2F3DF8218E46DA00B092A2 /* Debug */ = {
			isa = XCBuildConfiguration;
			buildSettings = {
				ALWAYS_EMBED_SWIFT_STANDARD_LIBRARIES = YES;
				CODE_SIGN_STYLE = Automatic;
				DEVELOPMENT_TEAM = 228X6FPGAD;
				INFOPLIST_FILE = MagicHacksUITests/Info.plist;
				LD_RUNPATH_SEARCH_PATHS = (
					"$(inherited)",
					"@executable_path/Frameworks",
					"@loader_path/Frameworks",
				);
				PRODUCT_BUNDLE_IDENTIFIER = marcdavis.MagicHacksUITests;
				PRODUCT_NAME = "$(TARGET_NAME)";
				SWIFT_VERSION = 4.2;
				TARGETED_DEVICE_FAMILY = "1,2";
				TEST_TARGET_NAME = MagicHacks;
			};
			name = Debug;
		};
		6E2F3DF9218E46DA00B092A2 /* Release */ = {
			isa = XCBuildConfiguration;
			buildSettings = {
				ALWAYS_EMBED_SWIFT_STANDARD_LIBRARIES = YES;
				CODE_SIGN_STYLE = Automatic;
				DEVELOPMENT_TEAM = 228X6FPGAD;
				INFOPLIST_FILE = MagicHacksUITests/Info.plist;
				LD_RUNPATH_SEARCH_PATHS = (
					"$(inherited)",
					"@executable_path/Frameworks",
					"@loader_path/Frameworks",
				);
				PRODUCT_BUNDLE_IDENTIFIER = marcdavis.MagicHacksUITests;
				PRODUCT_NAME = "$(TARGET_NAME)";
				SWIFT_VERSION = 4.2;
				TARGETED_DEVICE_FAMILY = "1,2";
				TEST_TARGET_NAME = MagicHacks;
			};
			name = Release;
		};
/* End XCBuildConfiguration section */

/* Begin XCConfigurationList section */
		6E2F3DC4218E46D900B092A2 /* Build configuration list for PBXProject "MagicHacks" */ = {
			isa = XCConfigurationList;
			buildConfigurations = (
				6E2F3DEF218E46DA00B092A2 /* Debug */,
				6E2F3DF0218E46DA00B092A2 /* Release */,
			);
			defaultConfigurationIsVisible = 0;
			defaultConfigurationName = Release;
		};
		6E2F3DF1218E46DA00B092A2 /* Build configuration list for PBXNativeTarget "MagicHacks" */ = {
			isa = XCConfigurationList;
			buildConfigurations = (
				6E2F3DF2218E46DA00B092A2 /* Debug */,
				6E2F3DF3218E46DA00B092A2 /* Release */,
			);
			defaultConfigurationIsVisible = 0;
			defaultConfigurationName = Release;
		};
		6E2F3DF4218E46DA00B092A2 /* Build configuration list for PBXNativeTarget "MagicHacksTests" */ = {
			isa = XCConfigurationList;
			buildConfigurations = (
				6E2F3DF5218E46DA00B092A2 /* Debug */,
				6E2F3DF6218E46DA00B092A2 /* Release */,
			);
			defaultConfigurationIsVisible = 0;
			defaultConfigurationName = Release;
		};
		6E2F3DF7218E46DA00B092A2 /* Build configuration list for PBXNativeTarget "MagicHacksUITests" */ = {
			isa = XCConfigurationList;
			buildConfigurations = (
				6E2F3DF8218E46DA00B092A2 /* Debug */,
				6E2F3DF9218E46DA00B092A2 /* Release */,
			);
			defaultConfigurationIsVisible = 0;
			defaultConfigurationName = Release;
		};
/* End XCConfigurationList section */
	};
	rootObject = 6E2F3DC1218E46D900B092A2 /* Project object */;
}
